
Microsoft Visual Studio Solution File, Format Version 11.00
# Visual Studio 2010
Project("{FAE04EC0-301F-11D3-BF4B-00C04F79EFBC}") = "UnityEngine.UI", "UnityEngine.UI.csproj", "{a6d88a2a-f605-671e-e8cc-cba60d4691d5}"
EndProject
Project("{FAE04EC0-301F-11D3-BF4B-00C04F79EFBC}") = "UnityEngine.TestRunner", "UnityEngine.TestRunner.csproj", "{51588d96-776d-e320-ea08-aab746b1fa7b}"
EndProject
Project("{FAE04EC0-301F-11D3-BF4B-00C04F79EFBC}") = "Assembly-CSharp", "Assembly-CSharp.csproj", "{ea650a93-4d83-78bd-d0ce-2e1f0140fc7e}"
EndProject
Project("{FAE04EC0-301F-11D3-BF4B-00C04F79EFBC}") = "Unity.Mathematics", "Unity.Mathematics.csproj", "{868106b0-31db-f8ff-a05d-84dfe031bd85}"
EndProject
Project("{FAE04EC0-301F-11D3-BF4B-00C04F79EFBC}") = "Unity.Timeline", "Unity.Timeline.csproj", "{41152ecc-08fb-a572-e43b-1d037c626a08}"
EndProject
Project("{FAE04EC0-301F-11D3-BF4B-00C04F79EFBC}") = "Unity.TextMeshPro", "Unity.TextMeshPro.csproj", "{2522af1a-e566-4b5d-9c23-612fce838fa9}"
EndProject
Project("{FAE04EC0-301F-11D3-BF4B-00C04F79EFBC}") = "Unity.2D.Animation.Runtime", "Unity.2D.Animation.Runtime.csproj", "{84172046-f6ca-d035-ff0c-125541b8f153}"
EndProject
Project("{FAE04EC0-301F-11D3-BF4B-00C04F79EFBC}") = "Unity.2D.IK.Runtime", "Unity.2D.IK.Runtime.csproj", "{eeb6870b-4a99-71f4-4eed-8ca972b68dbb}"
EndProject
Project("{FAE04EC0-301F-11D3-BF4B-00C04F79EFBC}") = "Unity.2D.SpriteShape.Runtime", "Unity.2D.SpriteShape.Runtime.csproj", "{491052d8-3966-d90b-11a1-6a2d35061501}"
EndProject
Project("{FAE04EC0-301F-11D3-BF4B-00C04F79EFBC}") = "Unity.2D.PixelPerfect", "Unity.2D.PixelPerfect.csproj", "{641d3172-325f-57d0-9d3f-3cb0b917db96}"
EndProject
Project("{FAE04EC0-301F-11D3-BF4B-00C04F79EFBC}") = "Assembly-CSharp-firstpass", "Assembly-CSharp-firstpass.csproj", "{c808170c-f9b5-1dba-0314-30e7c11b69a0}"
EndProject
Project("{FAE04EC0-301F-11D3-BF4B-00C04F79EFBC}") = "Unity.2D.Common.Runtime", "Unity.2D.Common.Runtime.csproj", "{a8402d75-564c-c279-38f7-40d281a854fc}"
EndProject
Project("{FAE04EC0-301F-11D3-BF4B-00C04F79EFBC}") = "Unity.InternalAPIEngineBridge.001", "Unity.InternalAPIEngineBridge.001.csproj", "{834f0b23-8159-c819-494b-c845d4819a5f}"
EndProject
Project("{FAE04EC0-301F-11D3-BF4B-00C04F79EFBC}") = "UnityEditor.TestRunner", "UnityEditor.TestRunner.csproj", "{034d7a97-5969-2cbf-7802-a096dfbe8c54}"
EndProject
Project("{FAE04EC0-301F-11D3-BF4B-00C04F79EFBC}") = "Unity.PlasticSCM.Editor", "Unity.PlasticSCM.Editor.csproj", "{63dc39b0-1d51-71cf-b5e6-afcf3f254d19}"
EndProject
Project("{FAE04EC0-301F-11D3-BF4B-00C04F79EFBC}") = "Unity.2D.Animation.Triangle.Editor", "Unity.2D.Animation.Triangle.Editor.csproj", "{d0740037-efc2-4e33-ab90-9c13eddc085b}"
EndProject
Project("{FAE04EC0-301F-11D3-BF4B-00C04F79EFBC}") = "UnityEditor.UI", "UnityEditor.UI.csproj", "{b0a219eb-1ab3-7489-f418-f68186eb9cff}"
EndProject
Project("{FAE04EC0-301F-11D3-BF4B-00C04F79EFBC}") = "Unity.Services.Core.Editor", "Unity.Services.Core.Editor.csproj", "{3f35582f-3c66-b096-301a-cc68ee3d043e}"
EndProject
Project("{FAE04EC0-301F-11D3-BF4B-00C04F79EFBC}") = "Unity.Timeline.Editor", "Unity.Timeline.Editor.csproj", "{6cc98df0-24bc-4081-7328-b95e20cf8601}"
EndProject
Project("{FAE04EC0-301F-11D3-BF4B-00C04F79EFBC}") = "Unity.VisualStudio.Editor", "Unity.VisualStudio.Editor.csproj", "{5714de17-d107-a9a2-a1de-20b0a63ad520}"
EndProject
Project("{FAE04EC0-301F-11D3-BF4B-00C04F79EFBC}") = "Unity.2D.Psdimporter.Editor", "Unity.2D.Psdimporter.Editor.csproj", "{d74deba8-9dba-70ce-9a4a-d111fa05f271}"
EndProject
Project("{FAE04EC0-301F-11D3-BF4B-00C04F79EFBC}") = "Unity.2D.Animation.Editor", "Unity.2D.Animation.Editor.csproj", "{e19dc650-da30-f349-20a0-39597aca7654}"
EndProject
Project("{FAE04EC0-301F-11D3-BF4B-00C04F79EFBC}") = "Unity.TextMeshPro.Editor", "Unity.TextMeshPro.Editor.csproj", "{c714aff8-4c2a-510f-d1f3-75a044ba251f}"
EndProject
Project("{FAE04EC0-301F-11D3-BF4B-00C04F79EFBC}") = "Unity.2D.SpriteShape.Editor", "Unity.2D.SpriteShape.Editor.csproj", "{74400a9e-ea06-6a22-c7e3-65c5522e7406}"
EndProject
Project("{FAE04EC0-301F-11D3-BF4B-00C04F79EFBC}") = "Unity.CollabProxy.Editor", "Unity.CollabProxy.Editor.csproj", "{ce1373fb-bed9-754b-b7c0-7791171da7b1}"
EndProject
Project("{FAE04EC0-301F-11D3-BF4B-00C04F79EFBC}") = "PsdPlugin", "PsdPlugin.csproj", "{7892c2cb-4a38-10f8-f063-70e2cf35cd3f}"
EndProject
Project("{FAE04EC0-301F-11D3-BF4B-00C04F79EFBC}") = "Unity.2D.Path.Editor", "Unity.2D.Path.Editor.csproj", "{3af92460-0e7f-a888-400b-d3a0f76392b6}"
EndProject
Project("{FAE04EC0-301F-11D3-BF4B-00C04F79EFBC}") = "Unity.Rider.Editor", "Unity.Rider.Editor.csproj", "{cebf58c8-ffce-d6c1-2aee-11cf8dec1e31}"
EndProject
Project("{FAE04EC0-301F-11D3-BF4B-00C04F79EFBC}") = "Unity.2D.IK.Editor", "Unity.2D.IK.Editor.csproj", "{c75f49c6-6cfc-4979-ccec-db78eaeeb1f3}"
EndProject
Project("{FAE04EC0-301F-11D3-BF4B-00C04F79EFBC}") = "Unity.SysrootPackage.Editor", "Unity.SysrootPackage.Editor.csproj", "{416fa62f-c94c-d5b6-afb6-135f2fc3464e}"
EndProject
Project("{FAE04EC0-301F-11D3-BF4B-00C04F79EFBC}") = "Unity.2D.Sprite.Editor", "Unity.2D.Sprite.Editor.csproj", "{dfa70461-12fd-0431-12f3-120aa61a58ff}"
EndProject
Project("{FAE04EC0-301F-11D3-BF4B-00C04F79EFBC}") = "Unity.2D.Tilemap.Editor", "Unity.2D.Tilemap.Editor.csproj", "{46ff77a3-fe30-3cb5-8a82-1b0131a98a44}"
EndProject
Project("{FAE04EC0-301F-11D3-BF4B-00C04F79EFBC}") = "Unity.2D.PixelPerfect.Editor", "Unity.2D.PixelPerfect.Editor.csproj", "{cfd4967d-27b5-20d1-c224-85e3d413b266}"
EndProject
Project("{FAE04EC0-301F-11D3-BF4B-00C04F79EFBC}") = "Unity.VSCode.Editor", "Unity.VSCode.Editor.csproj", "{f18a5be7-b030-5c5b-cf4a-74fd41dc63b3}"
EndProject
Project("{FAE04EC0-301F-11D3-BF4B-00C04F79EFBC}") = "Unity.Toolchain.Win-x86_64-Linux-x86_64", "Unity.Toolchain.Win-x86_64-Linux-x86_64.csproj", "{07be8491-829d-bece-079e-acdba0ea214f}"
EndProject
Project("{FAE04EC0-301F-11D3-BF4B-00C04F79EFBC}") = "Unity.2D.Common.Editor", "Unity.2D.Common.Editor.csproj", "{980335ee-218f-cbbf-9fa3-f8f3d7cdc407}"
EndProject
Project("{FAE04EC0-301F-11D3-BF4B-00C04F79EFBC}") = "Unity.Mathematics.Editor", "Unity.Mathematics.Editor.csproj", "{d30f5537-9237-c78f-e3dc-a306680f5d46}"
EndProject
Project("{FAE04EC0-301F-11D3-BF4B-00C04F79EFBC}") = "Assembly-CSharp-Editor", "Assembly-CSharp-Editor.csproj", "{6e95e5e1-daab-1fe4-7d88-c8f387bae589}"
EndProject
Project("{FAE04EC0-301F-11D3-BF4B-00C04F79EFBC}") = "Unity.InternalAPIEditorBridge.001", "Unity.InternalAPIEditorBridge.001.csproj", "{b969d90d-4cf8-fe13-9bbb-9b77554809cc}"
EndProject
Project("{FAE04EC0-301F-11D3-BF4B-00C04F79EFBC}") = "Unity.Sysroot.Linux_x86_64", "Unity.Sysroot.Linux_x86_64.csproj", "{102de1b0-271e-7125-2615-117beff17d38}"
EndProject
Global
	GlobalSection(SolutionConfigurationPlatforms) = preSolution
		Debug|Any CPU = Debug|Any CPU
	EndGlobalSection
	GlobalSection(ProjectConfigurationPlatforms) = postSolution
		{a6d88a2a-f605-671e-e8cc-cba60d4691d5}.Debug|Any CPU.ActiveCfg = Debug|Any CPU
		{a6d88a2a-f605-671e-e8cc-cba60d4691d5}.Debug|Any CPU.Build.0 = Debug|Any CPU
		{51588d96-776d-e320-ea08-aab746b1fa7b}.Debug|Any CPU.ActiveCfg = Debug|Any CPU
		{51588d96-776d-e320-ea08-aab746b1fa7b}.Debug|Any CPU.Build.0 = Debug|Any CPU
		{ea650a93-4d83-78bd-d0ce-2e1f0140fc7e}.Debug|Any CPU.ActiveCfg = Debug|Any CPU
		{ea650a93-4d83-78bd-d0ce-2e1f0140fc7e}.Debug|Any CPU.Build.0 = Debug|Any CPU
		{868106b0-31db-f8ff-a05d-84dfe031bd85}.Debug|Any CPU.ActiveCfg = Debug|Any CPU
		{868106b0-31db-f8ff-a05d-84dfe031bd85}.Debug|Any CPU.Build.0 = Debug|Any CPU
		{41152ecc-08fb-a572-e43b-1d037c626a08}.Debug|Any CPU.ActiveCfg = Debug|Any CPU
		{41152ecc-08fb-a572-e43b-1d037c626a08}.Debug|Any CPU.Build.0 = Debug|Any CPU
		{2522af1a-e566-4b5d-9c23-612fce838fa9}.Debug|Any CPU.ActiveCfg = Debug|Any CPU
		{2522af1a-e566-4b5d-9c23-612fce838fa9}.Debug|Any CPU.Build.0 = Debug|Any CPU
		{84172046-f6ca-d035-ff0c-125541b8f153}.Debug|Any CPU.ActiveCfg = Debug|Any CPU
		{84172046-f6ca-d035-ff0c-125541b8f153}.Debug|Any CPU.Build.0 = Debug|Any CPU
		{eeb6870b-4a99-71f4-4eed-8ca972b68dbb}.Debug|Any CPU.ActiveCfg = Debug|Any CPU
		{eeb6870b-4a99-71f4-4eed-8ca972b68dbb}.Debug|Any CPU.Build.0 = Debug|Any CPU
		{491052d8-3966-d90b-11a1-6a2d35061501}.Debug|Any CPU.ActiveCfg = Debug|Any CPU
		{491052d8-3966-d90b-11a1-6a2d35061501}.Debug|Any CPU.Build.0 = Debug|Any CPU
		{641d3172-325f-57d0-9d3f-3cb0b917db96}.Debug|Any CPU.ActiveCfg = Debug|Any CPU
		{641d3172-325f-57d0-9d3f-3cb0b917db96}.Debug|Any CPU.Build.0 = Debug|Any CPU
		{c808170c-f9b5-1dba-0314-30e7c11b69a0}.Debug|Any CPU.ActiveCfg = Debug|Any CPU
		{c808170c-f9b5-1dba-0314-30e7c11b69a0}.Debug|Any CPU.Build.0 = Debug|Any CPU
		{a8402d75-564c-c279-38f7-40d281a854fc}.Debug|Any CPU.ActiveCfg = Debug|Any CPU
		{a8402d75-564c-c279-38f7-40d281a854fc}.Debug|Any CPU.Build.0 = Debug|Any CPU
		{834f0b23-8159-c819-494b-c845d4819a5f}.Debug|Any CPU.ActiveCfg = Debug|Any CPU
		{834f0b23-8159-c819-494b-c845d4819a5f}.Debug|Any CPU.Build.0 = Debug|Any CPU
		{034d7a97-5969-2cbf-7802-a096dfbe8c54}.Debug|Any CPU.ActiveCfg = Debug|Any CPU
		{034d7a97-5969-2cbf-7802-a096dfbe8c54}.Debug|Any CPU.Build.0 = Debug|Any CPU
		{63dc39b0-1d51-71cf-b5e6-afcf3f254d19}.Debug|Any CPU.ActiveCfg = Debug|Any CPU
		{63dc39b0-1d51-71cf-b5e6-afcf3f254d19}.Debug|Any CPU.Build.0 = Debug|Any CPU
		{d0740037-efc2-4e33-ab90-9c13eddc085b}.Debug|Any CPU.ActiveCfg = Debug|Any CPU
		{d0740037-efc2-4e33-ab90-9c13eddc085b}.Debug|Any CPU.Build.0 = Debug|Any CPU
		{b0a219eb-1ab3-7489-f418-f68186eb9cff}.Debug|Any CPU.ActiveCfg = Debug|Any CPU
		{b0a219eb-1ab3-7489-f418-f68186eb9cff}.Debug|Any CPU.Build.0 = Debug|Any CPU
		{3f35582f-3c66-b096-301a-cc68ee3d043e}.Debug|Any CPU.ActiveCfg = Debug|Any CPU
		{3f35582f-3c66-b096-301a-cc68ee3d043e}.Debug|Any CPU.Build.0 = Debug|Any CPU
		{6cc98df0-24bc-4081-7328-b95e20cf8601}.Debug|Any CPU.ActiveCfg = Debug|Any CPU
		{6cc98df0-24bc-4081-7328-b95e20cf8601}.Debug|Any CPU.Build.0 = Debug|Any CPU
		{5714de17-d107-a9a2-a1de-20b0a63ad520}.Debug|Any CPU.ActiveCfg = Debug|Any CPU
		{5714de17-d107-a9a2-a1de-20b0a63ad520}.Debug|Any CPU.Build.0 = Debug|Any CPU
		{d74deba8-9dba-70ce-9a4a-d111fa05f271}.Debug|Any CPU.ActiveCfg = Debug|Any CPU
		{d74deba8-9dba-70ce-9a4a-d111fa05f271}.Debug|Any CPU.Build.0 = Debug|Any CPU
		{e19dc650-da30-f349-20a0-39597aca7654}.Debug|Any CPU.ActiveCfg = Debug|Any CPU
		{e19dc650-da30-f349-20a0-39597aca7654}.Debug|Any CPU.Build.0 = Debug|Any CPU
		{c714aff8-4c2a-510f-d1f3-75a044ba251f}.Debug|Any CPU.ActiveCfg = Debug|Any CPU
		{c714aff8-4c2a-510f-d1f3-75a044ba251f}.Debug|Any CPU.Build.0 = Debug|Any CPU
		{74400a9e-ea06-6a22-c7e3-65c5522e7406}.Debug|Any CPU.ActiveCfg = Debug|Any CPU
		{74400a9e-ea06-6a22-c7e3-65c5522e7406}.Debug|Any CPU.Build.0 = Debug|Any CPU
		{ce1373fb-bed9-754b-b7c0-7791171da7b1}.Debug|Any CPU.ActiveCfg = Debug|Any CPU
		{ce1373fb-bed9-754b-b7c0-7791171da7b1}.Debug|Any CPU.Build.0 = Debug|Any CPU
		{7892c2cb-4a38-10f8-f063-70e2cf35cd3f}.Debug|Any CPU.ActiveCfg = Debug|Any CPU
		{7892c2cb-4a38-10f8-f063-70e2cf35cd3f}.Debug|Any CPU.Build.0 = Debug|Any CPU
		{3af92460-0e7f-a888-400b-d3a0f76392b6}.Debug|Any CPU.ActiveCfg = Debug|Any CPU
		{3af92460-0e7f-a888-400b-d3a0f76392b6}.Debug|Any CPU.Build.0 = Debug|Any CPU
		{cebf58c8-ffce-d6c1-2aee-11cf8dec1e31}.Debug|Any CPU.ActiveCfg = Debug|Any CPU
		{cebf58c8-ffce-d6c1-2aee-11cf8dec1e31}.Debug|Any CPU.Build.0 = Debug|Any CPU
		{c75f49c6-6cfc-4979-ccec-db78eaeeb1f3}.Debug|Any CPU.ActiveCfg = Debug|Any CPU
		{c75f49c6-6cfc-4979-ccec-db78eaeeb1f3}.Debug|Any CPU.Build.0 = Debug|Any CPU
		{416fa62f-c94c-d5b6-afb6-135f2fc3464e}.Debug|Any CPU.ActiveCfg = Debug|Any CPU
		{416fa62f-c94c-d5b6-afb6-135f2fc3464e}.Debug|Any CPU.Build.0 = Debug|Any CPU
		{dfa70461-12fd-0431-12f3-120aa61a58ff}.Debug|Any CPU.ActiveCfg = Debug|Any CPU
		{dfa70461-12fd-0431-12f3-120aa61a58ff}.Debug|Any CPU.Build.0 = Debug|Any CPU
		{46ff77a3-fe30-3cb5-8a82-1b0131a98a44}.Debug|Any CPU.ActiveCfg = Debug|Any CPU
		{46ff77a3-fe30-3cb5-8a82-1b0131a98a44}.Debug|Any CPU.Build.0 = Debug|Any CPU
		{cfd4967d-27b5-20d1-c224-85e3d413b266}.Debug|Any CPU.ActiveCfg = Debug|Any CPU
		{cfd4967d-27b5-20d1-c224-85e3d413b266}.Debug|Any CPU.Build.0 = Debug|Any CPU
		{f18a5be7-b030-5c5b-cf4a-74fd41dc63b3}.Debug|Any CPU.ActiveCfg = Debug|Any CPU
		{f18a5be7-b030-5c5b-cf4a-74fd41dc63b3}.Debug|Any CPU.Build.0 = Debug|Any CPU
		{07be8491-829d-bece-079e-acdba0ea214f}.Debug|Any CPU.ActiveCfg = Debug|Any CPU
		{07be8491-829d-bece-079e-acdba0ea214f}.Debug|Any CPU.Build.0 = Debug|Any CPU
		{980335ee-218f-cbbf-9fa3-f8f3d7cdc407}.Debug|Any CPU.ActiveCfg = Debug|Any CPU
		{980335ee-218f-cbbf-9fa3-f8f3d7cdc407}.Debug|Any CPU.Build.0 = Debug|Any CPU
		{d30f5537-9237-c78f-e3dc-a306680f5d46}.Debug|Any CPU.ActiveCfg = Debug|Any CPU
		{d30f5537-9237-c78f-e3dc-a306680f5d46}.Debug|Any CPU.Build.0 = Debug|Any CPU
		{6e95e5e1-daab-1fe4-7d88-c8f387bae589}.Debug|Any CPU.ActiveCfg = Debug|Any CPU
		{6e95e5e1-daab-1fe4-7d88-c8f387bae589}.Debug|Any CPU.Build.0 = Debug|Any CPU
		{b969d90d-4cf8-fe13-9bbb-9b77554809cc}.Debug|Any CPU.ActiveCfg = Debug|Any CPU
		{b969d90d-4cf8-fe13-9bbb-9b77554809cc}.Debug|Any CPU.Build.0 = Debug|Any CPU
		{102de1b0-271e-7125-2615-117beff17d38}.Debug|Any CPU.ActiveCfg = Debug|Any CPU
		{102de1b0-271e-7125-2615-117beff17d38}.Debug|Any CPU.Build.0 = Debug|Any CPU
	EndGlobalSection
	GlobalSection(SolutionProperties) = preSolution
		HideSolutionNode = FALSE
	EndGlobalSection
EndGlobal
